
Microsoft Visual Studio Solution File, Format Version 12.00
# Visual Studio Version 17
VisualStudioVersion = 17.4.33205.214
MinimumVisualStudioVersion = 10.0.40219.1
Project("{8BC9CEB8-8B4A-11D0-8D11-00A0C91BC942}") = "Project46", "Project46\Project46.vcxproj", "{BF2BFB5D-6134-4B06-9565-45333F5E9109}"
EndProject
Project("{8BC9CEB8-8B4A-11D0-8D11-00A0C91BC942}") = "14_LinkedList", "14_LinkedList\14_LinkedList.vcxproj", "{C2DE1B46-A96D-48F7-A3C7-2D32507F79DB}"
EndProject
Project("{8BC9CEB8-8B4A-11D0-8D11-00A0C91BC942}") = "01_HelloWorld", "01_HelloWorld\01_HelloWorld.vcxproj", "{4D2A3E47-2BCB-4F2F-B9BA-7CB67B4E94AF}"
EndProject
Project("{8BC9CEB8-8B4A-11D0-8D11-00A0C91BC942}") = "02_Operator", "02_Operator\02_Operator.vcxproj", "{9459A5E4-5AC2-48DA-87F2-5E206E81A300}"
EndProject
Project("{8BC9CEB8-8B4A-11D0-8D11-00A0C91BC942}") = "03_Input", "03_Input\03_Input.vcxproj", "{DB7F3A74-8C31-4FD0-965A-0CAD57B41E27}"
EndProject
Project("{8BC9CEB8-8B4A-11D0-8D11-00A0C91BC942}") = "04_Condition", "04_Condition\04_Condition.vcxproj", "{569D9649-1734-4F87-9560-44BABEA36E02}"
EndProject
Project("{8BC9CEB8-8B4A-11D0-8D11-00A0C91BC942}") = "05_Loop", "05_Loop\05_Loop.vcxproj", "{599463C0-24D5-4064-94DB-B50C50A89A82}"
EndProject
Project("{8BC9CEB8-8B4A-11D0-8D11-00A0C91BC942}") = "06_Array", "06_Array\06_Array.vcxproj", "{DFBC6B85-1527-44AE-B92C-981AB35F1E27}"
EndProject
Project("{8BC9CEB8-8B4A-11D0-8D11-00A0C91BC942}") = "07_Variable", "07_Variable\07_Variable.vcxproj", "{FF35D646-EF81-485C-8FB6-A1F139509A87}"
EndProject
Project("{8BC9CEB8-8B4A-11D0-8D11-00A0C91BC942}") = "08_Function", "08_Function\08_Function.vcxproj", "{2687F228-8728-472F-8BBD-428F0610FCC2}"
EndProject
Project("{8BC9CEB8-8B4A-11D0-8D11-00A0C91BC942}") = "09_Recursive", "09_Recursive\09_Recursive.vcxproj", "{810447CD-A9DA-4EFA-9EEF-7B6EFED7CADE}"
EndProject
Project("{8BC9CEB8-8B4A-11D0-8D11-00A0C91BC942}") = "10_Pointer", "10_Pointer\10_Pointer.vcxproj", "{82D07026-3A59-4DEC-853D-69A6A64ED59D}"
EndProject
Project("{8BC9CEB8-8B4A-11D0-8D11-00A0C91BC942}") = "11_Struct", "11_Struct\11_Struct.vcxproj", "{2A590BB2-4B2B-441C-9A68-428D91A15933}"
EndProject
Project("{8BC9CEB8-8B4A-11D0-8D11-00A0C91BC942}") = "12_Dynamic Allocator", "12_Dynamic Allocator\12_Dynamic Allocator.vcxproj", "{EFF791DF-309F-400A-BD8D-86466277D664}"
EndProject
Project("{8BC9CEB8-8B4A-11D0-8D11-00A0C91BC942}") = "13_HashTable(DirectAddressTable)", "13_HashTable(DirectAddressTable)\13_HashTable(DirectAddressTable).vcxproj", "{681A4741-19B4-45E0-9262-DF0B9A1CDDA1}"
EndProject
Project("{8BC9CEB8-8B4A-11D0-8D11-00A0C91BC942}") = "15_SnakeGame", "15_SnakeGame\15_SnakeGame.vcxproj", "{D135C918-F51F-4B4E-86D2-403EC5AD27E1}"
EndProject
Project("{8BC9CEB8-8B4A-11D0-8D11-00A0C91BC942}") = "16_Constructor", "16_Constructor\16_Constructor.vcxproj", "{34B396E2-0477-4DEA-8598-DC07D2C206B2}"
EndProject
Project("{8BC9CEB8-8B4A-11D0-8D11-00A0C91BC942}") = "17_Operator", "17_Operator\17_Operator.vcxproj", "{459EED3B-B807-4F7E-9074-8E2B63726B36}"
EndProject
Project("{8BC9CEB8-8B4A-11D0-8D11-00A0C91BC942}") = "19_Static", "19_Static\19_Static.vcxproj", "{B01C239E-96CF-4E26-9025-87E7C4CC9383}"
EndProject
Project("{8BC9CEB8-8B4A-11D0-8D11-00A0C91BC942}") = "20_TemplateClass", "20_TemplateClass\20_TemplateClass.vcxproj", "{CCFAF0EF-F12F-4E6A-A44B-85AAC2D01FAE}"
EndProject
Project("{8BC9CEB8-8B4A-11D0-8D11-00A0C91BC942}") = "21_Inheritance", "21_Inheritance\21_Inheritance.vcxproj", "{5AE59E74-0D5D-40CE-AD5C-B8514CD46DBF}"
EndProject
Project("{8BC9CEB8-8B4A-11D0-8D11-00A0C91BC942}") = "22_VirtualFunction", "22_VirtualFunction\22_VirtualFunction.vcxproj", "{E60A31B5-E5BD-4664-9CB3-018F843B58FD}"
EndProject
Project("{8BC9CEB8-8B4A-11D0-8D11-00A0C91BC942}") = "23_FIleIO", "23_FIleIO\23_FIleIO.vcxproj", "{5D8F2BFB-9CD5-44E1-9DBE-326738A01CF3}"
EndProject
Project("{8BC9CEB8-8B4A-11D0-8D11-00A0C91BC942}") = "25_TrueOfOOP", "25_TrueOfOOP\25_TrueOfOOP.vcxproj", "{44C07CDC-17F6-4A09-A193-66A53A97D7BD}"
EndProject
Project("{8BC9CEB8-8B4A-11D0-8D11-00A0C91BC942}") = "24_STL vector", "24_STL vector\24_STL vector.vcxproj", "{039FFD1F-B759-4C6A-A129-6F89C80B8BB8}"
EndProject
Project("{8BC9CEB8-8B4A-11D0-8D11-00A0C91BC942}") = "26_Graph", "26_Graph\26_Graph.vcxproj", "{61191409-0481-45F8-9616-56AE64CAD4DD}"
EndProject
Global
	GlobalSection(SolutionConfigurationPlatforms) = preSolution
		Debug|x64 = Debug|x64
		Debug|x86 = Debug|x86
		Release|x64 = Release|x64
		Release|x86 = Release|x86
	EndGlobalSection
	GlobalSection(ProjectConfigurationPlatforms) = postSolution
		{BF2BFB5D-6134-4B06-9565-45333F5E9109}.Debug|x64.ActiveCfg = Debug|x64
		{BF2BFB5D-6134-4B06-9565-45333F5E9109}.Debug|x64.Build.0 = Debug|x64
		{BF2BFB5D-6134-4B06-9565-45333F5E9109}.Debug|x86.ActiveCfg = Debug|Win32
		{BF2BFB5D-6134-4B06-9565-45333F5E9109}.Debug|x86.Build.0 = Debug|Win32
		{BF2BFB5D-6134-4B06-9565-45333F5E9109}.Release|x64.ActiveCfg = Release|x64
		{BF2BFB5D-6134-4B06-9565-45333F5E9109}.Release|x64.Build.0 = Release|x64
		{BF2BFB5D-6134-4B06-9565-45333F5E9109}.Release|x86.ActiveCfg = Release|Win32
		{BF2BFB5D-6134-4B06-9565-45333F5E9109}.Release|x86.Build.0 = Release|Win32
		{C2DE1B46-A96D-48F7-A3C7-2D32507F79DB}.Debug|x64.ActiveCfg = Debug|x64
		{C2DE1B46-A96D-48F7-A3C7-2D32507F79DB}.Debug|x64.Build.0 = Debug|x64
		{C2DE1B46-A96D-48F7-A3C7-2D32507F79DB}.Debug|x86.ActiveCfg = Debug|Win32
		{C2DE1B46-A96D-48F7-A3C7-2D32507F79DB}.Debug|x86.Build.0 = Debug|Win32
		{C2DE1B46-A96D-48F7-A3C7-2D32507F79DB}.Release|x64.ActiveCfg = Release|x64
		{C2DE1B46-A96D-48F7-A3C7-2D32507F79DB}.Release|x64.Build.0 = Release|x64
		{C2DE1B46-A96D-48F7-A3C7-2D32507F79DB}.Release|x86.ActiveCfg = Release|Win32
		{C2DE1B46-A96D-48F7-A3C7-2D32507F79DB}.Release|x86.Build.0 = Release|Win32
		{4D2A3E47-2BCB-4F2F-B9BA-7CB67B4E94AF}.Debug|x64.ActiveCfg = Debug|x64
		{4D2A3E47-2BCB-4F2F-B9BA-7CB67B4E94AF}.Debug|x64.Build.0 = Debug|x64
		{4D2A3E47-2BCB-4F2F-B9BA-7CB67B4E94AF}.Debug|x86.ActiveCfg = Debug|Win32
		{4D2A3E47-2BCB-4F2F-B9BA-7CB67B4E94AF}.Debug|x86.Build.0 = Debug|Win32
		{4D2A3E47-2BCB-4F2F-B9BA-7CB67B4E94AF}.Release|x64.ActiveCfg = Release|x64
		{4D2A3E47-2BCB-4F2F-B9BA-7CB67B4E94AF}.Release|x64.Build.0 = Release|x64
		{4D2A3E47-2BCB-4F2F-B9BA-7CB67B4E94AF}.Release|x86.ActiveCfg = Release|Win32
		{4D2A3E47-2BCB-4F2F-B9BA-7CB67B4E94AF}.Release|x86.Build.0 = Release|Win32
		{9459A5E4-5AC2-48DA-87F2-5E206E81A300}.Debug|x64.ActiveCfg = Debug|x64
		{9459A5E4-5AC2-48DA-87F2-5E206E81A300}.Debug|x64.Build.0 = Debug|x64
		{9459A5E4-5AC2-48DA-87F2-5E206E81A300}.Debug|x86.ActiveCfg = Debug|Win32
		{9459A5E4-5AC2-48DA-87F2-5E206E81A300}.Debug|x86.Build.0 = Debug|Win32
		{9459A5E4-5AC2-48DA-87F2-5E206E81A300}.Release|x64.ActiveCfg = Release|x64
		{9459A5E4-5AC2-48DA-87F2-5E206E81A300}.Release|x64.Build.0 = Release|x64
		{9459A5E4-5AC2-48DA-87F2-5E206E81A300}.Release|x86.ActiveCfg = Release|Win32
		{9459A5E4-5AC2-48DA-87F2-5E206E81A300}.Release|x86.Build.0 = Release|Win32
		{DB7F3A74-8C31-4FD0-965A-0CAD57B41E27}.Debug|x64.ActiveCfg = Debug|x64
		{DB7F3A74-8C31-4FD0-965A-0CAD57B41E27}.Debug|x64.Build.0 = Debug|x64
		{DB7F3A74-8C31-4FD0-965A-0CAD57B41E27}.Debug|x86.ActiveCfg = Debug|Win32
		{DB7F3A74-8C31-4FD0-965A-0CAD57B41E27}.Debug|x86.Build.0 = Debug|Win32
		{DB7F3A74-8C31-4FD0-965A-0CAD57B41E27}.Release|x64.ActiveCfg = Release|x64
		{DB7F3A74-8C31-4FD0-965A-0CAD57B41E27}.Release|x64.Build.0 = Release|x64
		{DB7F3A74-8C31-4FD0-965A-0CAD57B41E27}.Release|x86.ActiveCfg = Release|Win32
		{DB7F3A74-8C31-4FD0-965A-0CAD57B41E27}.Release|x86.Build.0 = Release|Win32
		{569D9649-1734-4F87-9560-44BABEA36E02}.Debug|x64.ActiveCfg = Debug|x64
		{569D9649-1734-4F87-9560-44BABEA36E02}.Debug|x64.Build.0 = Debug|x64
		{569D9649-1734-4F87-9560-44BABEA36E02}.Debug|x86.ActiveCfg = Debug|Win32
		{569D9649-1734-4F87-9560-44BABEA36E02}.Debug|x86.Build.0 = Debug|Win32
		{569D9649-1734-4F87-9560-44BABEA36E02}.Release|x64.ActiveCfg = Release|x64
		{569D9649-1734-4F87-9560-44BABEA36E02}.Release|x64.Build.0 = Release|x64
		{569D9649-1734-4F87-9560-44BABEA36E02}.Release|x86.ActiveCfg = Release|Win32
		{569D9649-1734-4F87-9560-44BABEA36E02}.Release|x86.Build.0 = Release|Win32
		{599463C0-24D5-4064-94DB-B50C50A89A82}.Debug|x64.ActiveCfg = Debug|x64
		{599463C0-24D5-4064-94DB-B50C50A89A82}.Debug|x64.Build.0 = Debug|x64
		{599463C0-24D5-4064-94DB-B50C50A89A82}.Debug|x86.ActiveCfg = Debug|Win32
		{599463C0-24D5-4064-94DB-B50C50A89A82}.Debug|x86.Build.0 = Debug|Win32
		{599463C0-24D5-4064-94DB-B50C50A89A82}.Release|x64.ActiveCfg = Release|x64
		{599463C0-24D5-4064-94DB-B50C50A89A82}.Release|x64.Build.0 = Release|x64
		{599463C0-24D5-4064-94DB-B50C50A89A82}.Release|x86.ActiveCfg = Release|Win32
		{599463C0-24D5-4064-94DB-B50C50A89A82}.Release|x86.Build.0 = Release|Win32
		{DFBC6B85-1527-44AE-B92C-981AB35F1E27}.Debug|x64.ActiveCfg = Debug|x64
		{DFBC6B85-1527-44AE-B92C-981AB35F1E27}.Debug|x64.Build.0 = Debug|x64
		{DFBC6B85-1527-44AE-B92C-981AB35F1E27}.Debug|x86.ActiveCfg = Debug|Win32
		{DFBC6B85-1527-44AE-B92C-981AB35F1E27}.Debug|x86.Build.0 = Debug|Win32
		{DFBC6B85-1527-44AE-B92C-981AB35F1E27}.Release|x64.ActiveCfg = Release|x64
		{DFBC6B85-1527-44AE-B92C-981AB35F1E27}.Release|x64.Build.0 = Release|x64
		{DFBC6B85-1527-44AE-B92C-981AB35F1E27}.Release|x86.ActiveCfg = Release|Win32
		{DFBC6B85-1527-44AE-B92C-981AB35F1E27}.Release|x86.Build.0 = Release|Win32
		{FF35D646-EF81-485C-8FB6-A1F139509A87}.Debug|x64.ActiveCfg = Debug|x64
		{FF35D646-EF81-485C-8FB6-A1F139509A87}.Debug|x64.Build.0 = Debug|x64
		{FF35D646-EF81-485C-8FB6-A1F139509A87}.Debug|x86.ActiveCfg = Debug|Win32
		{FF35D646-EF81-485C-8FB6-A1F139509A87}.Debug|x86.Build.0 = Debug|Win32
		{FF35D646-EF81-485C-8FB6-A1F139509A87}.Release|x64.ActiveCfg = Release|x64
		{FF35D646-EF81-485C-8FB6-A1F139509A87}.Release|x64.Build.0 = Release|x64
		{FF35D646-EF81-485C-8FB6-A1F139509A87}.Release|x86.ActiveCfg = Release|Win32
		{FF35D646-EF81-485C-8FB6-A1F139509A87}.Release|x86.Build.0 = Release|Win32
		{2687F228-8728-472F-8BBD-428F0610FCC2}.Debug|x64.ActiveCfg = Debug|x64
		{2687F228-8728-472F-8BBD-428F0610FCC2}.Debug|x64.Build.0 = Debug|x64
		{2687F228-8728-472F-8BBD-428F0610FCC2}.Debug|x86.ActiveCfg = Debug|Win32
		{2687F228-8728-472F-8BBD-428F0610FCC2}.Debug|x86.Build.0 = Debug|Win32
		{2687F228-8728-472F-8BBD-428F0610FCC2}.Release|x64.ActiveCfg = Release|x64
		{2687F228-8728-472F-8BBD-428F0610FCC2}.Release|x64.Build.0 = Release|x64
		{2687F228-8728-472F-8BBD-428F0610FCC2}.Release|x86.ActiveCfg = Release|Win32
		{2687F228-8728-472F-8BBD-428F0610FCC2}.Release|x86.Build.0 = Release|Win32
		{810447CD-A9DA-4EFA-9EEF-7B6EFED7CADE}.Debug|x64.ActiveCfg = Debug|x64
		{810447CD-A9DA-4EFA-9EEF-7B6EFED7CADE}.Debug|x64.Build.0 = Debug|x64
		{810447CD-A9DA-4EFA-9EEF-7B6EFED7CADE}.Debug|x86.ActiveCfg = Debug|Win32
		{810447CD-A9DA-4EFA-9EEF-7B6EFED7CADE}.Debug|x86.Build.0 = Debug|Win32
		{810447CD-A9DA-4EFA-9EEF-7B6EFED7CADE}.Release|x64.ActiveCfg = Release|x64
		{810447CD-A9DA-4EFA-9EEF-7B6EFED7CADE}.Release|x64.Build.0 = Release|x64
		{810447CD-A9DA-4EFA-9EEF-7B6EFED7CADE}.Release|x86.ActiveCfg = Release|Win32
		{810447CD-A9DA-4EFA-9EEF-7B6EFED7CADE}.Release|x86.Build.0 = Release|Win32
		{82D07026-3A59-4DEC-853D-69A6A64ED59D}.Debug|x64.ActiveCfg = Debug|x64
		{82D07026-3A59-4DEC-853D-69A6A64ED59D}.Debug|x64.Build.0 = Debug|x64
		{82D07026-3A59-4DEC-853D-69A6A64ED59D}.Debug|x86.ActiveCfg = Debug|Win32
		{82D07026-3A59-4DEC-853D-69A6A64ED59D}.Debug|x86.Build.0 = Debug|Win32
		{82D07026-3A59-4DEC-853D-69A6A64ED59D}.Release|x64.ActiveCfg = Release|x64
		{82D07026-3A59-4DEC-853D-69A6A64ED59D}.Release|x64.Build.0 = Release|x64
		{82D07026-3A59-4DEC-853D-69A6A64ED59D}.Release|x86.ActiveCfg = Release|Win32
		{82D07026-3A59-4DEC-853D-69A6A64ED59D}.Release|x86.Build.0 = Release|Win32
		{2A590BB2-4B2B-441C-9A68-428D91A15933}.Debug|x64.ActiveCfg = Debug|x64
		{2A590BB2-4B2B-441C-9A68-428D91A15933}.Debug|x64.Build.0 = Debug|x64
		{2A590BB2-4B2B-441C-9A68-428D91A15933}.Debug|x86.ActiveCfg = Debug|Win32
		{2A590BB2-4B2B-441C-9A68-428D91A15933}.Debug|x86.Build.0 = Debug|Win32
		{2A590BB2-4B2B-441C-9A68-428D91A15933}.Release|x64.ActiveCfg = Release|x64
		{2A590BB2-4B2B-441C-9A68-428D91A15933}.Release|x64.Build.0 = Release|x64
		{2A590BB2-4B2B-441C-9A68-428D91A15933}.Release|x86.ActiveCfg = Release|Win32
		{2A590BB2-4B2B-441C-9A68-428D91A15933}.Release|x86.Build.0 = Release|Win32
		{EFF791DF-309F-400A-BD8D-86466277D664}.Debug|x64.ActiveCfg = Debug|x64
		{EFF791DF-309F-400A-BD8D-86466277D664}.Debug|x64.Build.0 = Debug|x64
		{EFF791DF-309F-400A-BD8D-86466277D664}.Debug|x86.ActiveCfg = Debug|Win32
		{EFF791DF-309F-400A-BD8D-86466277D664}.Debug|x86.Build.0 = Debug|Win32
		{EFF791DF-309F-400A-BD8D-86466277D664}.Release|x64.ActiveCfg = Release|x64
		{EFF791DF-309F-400A-BD8D-86466277D664}.Release|x64.Build.0 = Release|x64
		{EFF791DF-309F-400A-BD8D-86466277D664}.Release|x86.ActiveCfg = Release|Win32
		{EFF791DF-309F-400A-BD8D-86466277D664}.Release|x86.Build.0 = Release|Win32
		{681A4741-19B4-45E0-9262-DF0B9A1CDDA1}.Debug|x64.ActiveCfg = Debug|x64
		{681A4741-19B4-45E0-9262-DF0B9A1CDDA1}.Debug|x64.Build.0 = Debug|x64
		{681A4741-19B4-45E0-9262-DF0B9A1CDDA1}.Debug|x86.ActiveCfg = Debug|Win32
		{681A4741-19B4-45E0-9262-DF0B9A1CDDA1}.Debug|x86.Build.0 = Debug|Win32
		{681A4741-19B4-45E0-9262-DF0B9A1CDDA1}.Release|x64.ActiveCfg = Release|x64
		{681A4741-19B4-45E0-9262-DF0B9A1CDDA1}.Release|x64.Build.0 = Release|x64
		{681A4741-19B4-45E0-9262-DF0B9A1CDDA1}.Release|x86.ActiveCfg = Release|Win32
		{681A4741-19B4-45E0-9262-DF0B9A1CDDA1}.Release|x86.Build.0 = Release|Win32
		{D135C918-F51F-4B4E-86D2-403EC5AD27E1}.Debug|x64.ActiveCfg = Debug|x64
		{D135C918-F51F-4B4E-86D2-403EC5AD27E1}.Debug|x64.Build.0 = Debug|x64
		{D135C918-F51F-4B4E-86D2-403EC5AD27E1}.Debug|x86.ActiveCfg = Debug|Win32
		{D135C918-F51F-4B4E-86D2-403EC5AD27E1}.Debug|x86.Build.0 = Debug|Win32
		{D135C918-F51F-4B4E-86D2-403EC5AD27E1}.Release|x64.ActiveCfg = Release|x64
		{D135C918-F51F-4B4E-86D2-403EC5AD27E1}.Release|x64.Build.0 = Release|x64
		{D135C918-F51F-4B4E-86D2-403EC5AD27E1}.Release|x86.ActiveCfg = Release|Win32
		{D135C918-F51F-4B4E-86D2-403EC5AD27E1}.Release|x86.Build.0 = Release|Win32
		{34B396E2-0477-4DEA-8598-DC07D2C206B2}.Debug|x64.ActiveCfg = Debug|x64
		{34B396E2-0477-4DEA-8598-DC07D2C206B2}.Debug|x64.Build.0 = Debug|x64
		{34B396E2-0477-4DEA-8598-DC07D2C206B2}.Debug|x86.ActiveCfg = Debug|Win32
		{34B396E2-0477-4DEA-8598-DC07D2C206B2}.Debug|x86.Build.0 = Debug|Win32
		{34B396E2-0477-4DEA-8598-DC07D2C206B2}.Release|x64.ActiveCfg = Release|x64
		{34B396E2-0477-4DEA-8598-DC07D2C206B2}.Release|x64.Build.0 = Release|x64
		{34B396E2-0477-4DEA-8598-DC07D2C206B2}.Release|x86.ActiveCfg = Release|Win32
		{34B396E2-0477-4DEA-8598-DC07D2C206B2}.Release|x86.Build.0 = Release|Win32
		{459EED3B-B807-4F7E-9074-8E2B63726B36}.Debug|x64.ActiveCfg = Debug|x64
		{459EED3B-B807-4F7E-9074-8E2B63726B36}.Debug|x64.Build.0 = Debug|x64
		{459EED3B-B807-4F7E-9074-8E2B63726B36}.Debug|x86.ActiveCfg = Debug|Win32
		{459EED3B-B807-4F7E-9074-8E2B63726B36}.Debug|x86.Build.0 = Debug|Win32
		{459EED3B-B807-4F7E-9074-8E2B63726B36}.Release|x64.ActiveCfg = Release|x64
		{459EED3B-B807-4F7E-9074-8E2B63726B36}.Release|x64.Build.0 = Release|x64
		{459EED3B-B807-4F7E-9074-8E2B63726B36}.Release|x86.ActiveCfg = Release|Win32
		{459EED3B-B807-4F7E-9074-8E2B63726B36}.Release|x86.Build.0 = Release|Win32
		{B01C239E-96CF-4E26-9025-87E7C4CC9383}.Debug|x64.ActiveCfg = Debug|x64
		{B01C239E-96CF-4E26-9025-87E7C4CC9383}.Debug|x64.Build.0 = Debug|x64
		{B01C239E-96CF-4E26-9025-87E7C4CC9383}.Debug|x86.ActiveCfg = Debug|Win32
		{B01C239E-96CF-4E26-9025-87E7C4CC9383}.Debug|x86.Build.0 = Debug|Win32
		{B01C239E-96CF-4E26-9025-87E7C4CC9383}.Release|x64.ActiveCfg = Release|x64
		{B01C239E-96CF-4E26-9025-87E7C4CC9383}.Release|x64.Build.0 = Release|x64
		{B01C239E-96CF-4E26-9025-87E7C4CC9383}.Release|x86.ActiveCfg = Release|Win32
		{B01C239E-96CF-4E26-9025-87E7C4CC9383}.Release|x86.Build.0 = Release|Win32
		{CCFAF0EF-F12F-4E6A-A44B-85AAC2D01FAE}.Debug|x64.ActiveCfg = Debug|x64
		{CCFAF0EF-F12F-4E6A-A44B-85AAC2D01FAE}.Debug|x64.Build.0 = Debug|x64
		{CCFAF0EF-F12F-4E6A-A44B-85AAC2D01FAE}.Debug|x86.ActiveCfg = Debug|Win32
		{CCFAF0EF-F12F-4E6A-A44B-85AAC2D01FAE}.Debug|x86.Build.0 = Debug|Win32
		{CCFAF0EF-F12F-4E6A-A44B-85AAC2D01FAE}.Release|x64.ActiveCfg = Release|x64
		{CCFAF0EF-F12F-4E6A-A44B-85AAC2D01FAE}.Release|x64.Build.0 = Release|x64
		{CCFAF0EF-F12F-4E6A-A44B-85AAC2D01FAE}.Release|x86.ActiveCfg = Release|Win32
		{CCFAF0EF-F12F-4E6A-A44B-85AAC2D01FAE}.Release|x86.Build.0 = Release|Win32
		{5AE59E74-0D5D-40CE-AD5C-B8514CD46DBF}.Debug|x64.ActiveCfg = Debug|x64
		{5AE59E74-0D5D-40CE-AD5C-B8514CD46DBF}.Debug|x64.Build.0 = Debug|x64
		{5AE59E74-0D5D-40CE-AD5C-B8514CD46DBF}.Debug|x86.ActiveCfg = Debug|Win32
		{5AE59E74-0D5D-40CE-AD5C-B8514CD46DBF}.Debug|x86.Build.0 = Debug|Win32
		{5AE59E74-0D5D-40CE-AD5C-B8514CD46DBF}.Release|x64.ActiveCfg = Release|x64
		{5AE59E74-0D5D-40CE-AD5C-B8514CD46DBF}.Release|x64.Build.0 = Release|x64
		{5AE59E74-0D5D-40CE-AD5C-B8514CD46DBF}.Release|x86.ActiveCfg = Release|Win32
		{5AE59E74-0D5D-40CE-AD5C-B8514CD46DBF}.Release|x86.Build.0 = Release|Win32
		{E60A31B5-E5BD-4664-9CB3-018F843B58FD}.Debug|x64.ActiveCfg = Debug|x64
		{E60A31B5-E5BD-4664-9CB3-018F843B58FD}.Debug|x64.Build.0 = Debug|x64
		{E60A31B5-E5BD-4664-9CB3-018F843B58FD}.Debug|x86.ActiveCfg = Debug|Win32
		{E60A31B5-E5BD-4664-9CB3-018F843B58FD}.Debug|x86.Build.0 = Debug|Win32
		{E60A31B5-E5BD-4664-9CB3-018F843B58FD}.Release|x64.ActiveCfg = Release|x64
		{E60A31B5-E5BD-4664-9CB3-018F843B58FD}.Release|x64.Build.0 = Release|x64
		{E60A31B5-E5BD-4664-9CB3-018F843B58FD}.Release|x86.ActiveCfg = Release|Win32
		{E60A31B5-E5BD-4664-9CB3-018F843B58FD}.Release|x86.Build.0 = Release|Win32
		{5D8F2BFB-9CD5-44E1-9DBE-326738A01CF3}.Debug|x64.ActiveCfg = Debug|x64
		{5D8F2BFB-9CD5-44E1-9DBE-326738A01CF3}.Debug|x64.Build.0 = Debug|x64
		{5D8F2BFB-9CD5-44E1-9DBE-326738A01CF3}.Debug|x86.ActiveCfg = Debug|Win32
		{5D8F2BFB-9CD5-44E1-9DBE-326738A01CF3}.Debug|x86.Build.0 = Debug|Win32
		{5D8F2BFB-9CD5-44E1-9DBE-326738A01CF3}.Release|x64.ActiveCfg = Release|x64
		{5D8F2BFB-9CD5-44E1-9DBE-326738A01CF3}.Release|x64.Build.0 = Release|x64
		{5D8F2BFB-9CD5-44E1-9DBE-326738A01CF3}.Release|x86.ActiveCfg = Release|Win32
		{5D8F2BFB-9CD5-44E1-9DBE-326738A01CF3}.Release|x86.Build.0 = Release|Win32
		{44C07CDC-17F6-4A09-A193-66A53A97D7BD}.Debug|x64.ActiveCfg = Debug|x64
		{44C07CDC-17F6-4A09-A193-66A53A97D7BD}.Debug|x64.Build.0 = Debug|x64
		{44C07CDC-17F6-4A09-A193-66A53A97D7BD}.Debug|x86.ActiveCfg = Debug|Win32
		{44C07CDC-17F6-4A09-A193-66A53A97D7BD}.Debug|x86.Build.0 = Debug|Win32
		{44C07CDC-17F6-4A09-A193-66A53A97D7BD}.Release|x64.ActiveCfg = Release|x64
		{44C07CDC-17F6-4A09-A193-66A53A97D7BD}.Release|x64.Build.0 = Release|x64
		{44C07CDC-17F6-4A09-A193-66A53A97D7BD}.Release|x86.ActiveCfg = Release|Win32
		{44C07CDC-17F6-4A09-A193-66A53A97D7BD}.Release|x86.Build.0 = Release|Win32
		{039FFD1F-B759-4C6A-A129-6F89C80B8BB8}.Debug|x64.ActiveCfg = Debug|x64
		{039FFD1F-B759-4C6A-A129-6F89C80B8BB8}.Debug|x64.Build.0 = Debug|x64
		{039FFD1F-B759-4C6A-A129-6F89C80B8BB8}.Debug|x86.ActiveCfg = Debug|Win32
		{039FFD1F-B759-4C6A-A129-6F89C80B8BB8}.Debug|x86.Build.0 = Debug|Win32
		{039FFD1F-B759-4C6A-A129-6F89C80B8BB8}.Release|x64.ActiveCfg = Release|x64
		{039FFD1F-B759-4C6A-A129-6F89C80B8BB8}.Release|x64.Build.0 = Release|x64
		{039FFD1F-B759-4C6A-A129-6F89C80B8BB8}.Release|x86.ActiveCfg = Release|Win32
		{039FFD1F-B759-4C6A-A129-6F89C80B8BB8}.Release|x86.Build.0 = Release|Win32
		{61191409-0481-45F8-9616-56AE64CAD4DD}.Debug|x64.ActiveCfg = Debug|x64
		{61191409-0481-45F8-9616-56AE64CAD4DD}.Debug|x64.Build.0 = Debug|x64
		{61191409-0481-45F8-9616-56AE64CAD4DD}.Debug|x86.ActiveCfg = Debug|Win32
		{61191409-0481-45F8-9616-56AE64CAD4DD}.Debug|x86.Build.0 = Debug|Win32
		{61191409-0481-45F8-9616-56AE64CAD4DD}.Release|x64.ActiveCfg = Release|x64
		{61191409-0481-45F8-9616-56AE64CAD4DD}.Release|x64.Build.0 = Release|x64
		{61191409-0481-45F8-9616-56AE64CAD4DD}.Release|x86.ActiveCfg = Release|Win32
		{61191409-0481-45F8-9616-56AE64CAD4DD}.Release|x86.Build.0 = Release|Win32
	EndGlobalSection
	GlobalSection(SolutionProperties) = preSolution
		HideSolutionNode = FALSE
	EndGlobalSection
	GlobalSection(ExtensibilityGlobals) = postSolution
		SolutionGuid = {27D894A9-853A-4DA8-B733-23906A83B3ED}
	EndGlobalSection
EndGlobal
